
Microsoft Visual Studio Solution File, Format Version 12.00
# Visual Studio Version 17
VisualStudioVersion = 17.14.36414.22 d17.14
MinimumVisualStudioVersion = 10.0.40219.1
Project("{FAE04EC0-301F-11D3-BF4B-00C04F79EFBC}") = "TabHotkeys", "TabHotkeys.csproj", "{40448884-376B-A191-DF3C-13C85F099C8B}"
EndProject
Project("{FAE04EC0-301F-11D3-BF4B-00C04F79EFBC}") = "TabHotkeys_Bootstrap", "..\..\bootstrap\src\TabHotkeys_Bootstrap.csproj", "{2B3D7B12-822A-21C5-E4DA-B2D74FC2940A}"
EndProject
Global
	GlobalSection(SolutionConfigurationPlatforms) = preSolution
		Debug|Any CPU = Debug|Any CPU
		Release|Any CPU = Release|Any CPU
	EndGlobalSection
	GlobalSection(ProjectConfigurationPlatforms) = postSolution
		{40448884-376B-A191-DF3C-13C85F099C8B}.Debug|Any CPU.ActiveCfg = Debug|Any CPU
		{40448884-376B-A191-DF3C-13C85F099C8B}.Debug|Any CPU.Build.0 = Debug|Any CPU
		{40448884-376B-A191-DF3C-13C85F099C8B}.Release|Any CPU.ActiveCfg = Release|Any CPU
		{40448884-376B-A191-DF3C-13C85F099C8B}.Release|Any CPU.Build.0 = Release|Any CPU
		{2B3D7B12-822A-21C5-E4DA-B2D74FC2940A}.Debug|Any CPU.ActiveCfg = Debug|Any CPU
		{2B3D7B12-822A-21C5-E4DA-B2D74FC2940A}.Debug|Any CPU.Build.0 = Debug|Any CPU
		{2B3D7B12-822A-21C5-E4DA-B2D74FC2940A}.Release|Any CPU.ActiveCfg = Release|Any CPU
		{2B3D7B12-822A-21C5-E4DA-B2D74FC2940A}.Release|Any CPU.Build.0 = Release|Any CPU
	EndGlobalSection
	GlobalSection(SolutionProperties) = preSolution
		HideSolutionNode = FALSE
	EndGlobalSection
	GlobalSection(ExtensibilityGlobals) = postSolution
		SolutionGuid = {ECFE5033-B1CA-4403-A97C-C374D3696CD3}
	EndGlobalSection
EndGlobal
